// !$*UTF8*$!
{
	archiveVersion = 1;
	classes = {
	};
	objectVersion = 56;
	objects = {

/* Begin PBXBuildFile section */
		F254F8492C7E9E8E00109D88 /* User.swift in Sources */ = {isa = PBXBuildFile; fileRef = F254F8482C7E9E8E00109D88 /* User.swift */; };
		F254F84B2C7EA65100109D88 /* UserService.swift in Sources */ = {isa = PBXBuildFile; fileRef = F254F84A2C7EA65100109D88 /* UserService.swift */; };
		F254F8512C7EACCD00109D88 /* ExploreViewModel.swift in Sources */ = {isa = PBXBuildFile; fileRef = F254F8502C7EACCD00109D88 /* ExploreViewModel.swift */; };
		F254F8532C7EADBA00109D88 /* PreviewProvider.swift in Sources */ = {isa = PBXBuildFile; fileRef = F254F8522C7EADBA00109D88 /* PreviewProvider.swift */; };
		F254F8562C7EB26B00109D88 /* CurrentUserProfileView.swift in Sources */ = {isa = PBXBuildFile; fileRef = F254F8552C7EB26B00109D88 /* CurrentUserProfileView.swift */; };
		F254F85A2C7EB31C00109D88 /* CurrentUserProfileViewModel.swift in Sources */ = {isa = PBXBuildFile; fileRef = F254F8592C7EB31C00109D88 /* CurrentUserProfileViewModel.swift */; };
		F254F85E2C7EBCB200109D88 /* EditProfileViewModel.swift in Sources */ = {isa = PBXBuildFile; fileRef = F254F85D2C7EBCB200109D88 /* EditProfileViewModel.swift */; };
		F254F8602C7EBEC600109D88 /* ImageUploader.swift in Sources */ = {isa = PBXBuildFile; fileRef = F254F85F2C7EBEC600109D88 /* ImageUploader.swift */; };
		F2937AB22C5EBA5D00090192 /* ThreadsCloneApp.swift in Sources */ = {isa = PBXBuildFile; fileRef = F2937AB12C5EBA5D00090192 /* ThreadsCloneApp.swift */; };
		F2937AB42C5EBA5D00090192 /* ContentView.swift in Sources */ = {isa = PBXBuildFile; fileRef = F2937AB32C5EBA5D00090192 /* ContentView.swift */; };
		F2937AB82C5EBA5F00090192 /* Assets.xcassets in Resources */ = {isa = PBXBuildFile; fileRef = F2937AB72C5EBA5F00090192 /* Assets.xcassets */; };
		F2937ABC2C5EBA5F00090192 /* Preview Assets.xcassets in Resources */ = {isa = PBXBuildFile; fileRef = F2937ABB2C5EBA5F00090192 /* Preview Assets.xcassets */; };
		F2937AC62C5EBA5F00090192 /* ThreadsCloneTests.swift in Sources */ = {isa = PBXBuildFile; fileRef = F2937AC52C5EBA5F00090192 /* ThreadsCloneTests.swift */; };
		F2937AD02C5EBA5F00090192 /* ThreadsCloneUITests.swift in Sources */ = {isa = PBXBuildFile; fileRef = F2937ACF2C5EBA5F00090192 /* ThreadsCloneUITests.swift */; };
		F2937AD22C5EBA5F00090192 /* ThreadsCloneUITestsLaunchTests.swift in Sources */ = {isa = PBXBuildFile; fileRef = F2937AD12C5EBA5F00090192 /* ThreadsCloneUITestsLaunchTests.swift */; };
		F2937AE82C5EBC7400090192 /* LoginView.swift in Sources */ = {isa = PBXBuildFile; fileRef = F2937AE72C5EBC7400090192 /* LoginView.swift */; };
		F2937AEA2C5EC0C900090192 /* RegistrationView.swift in Sources */ = {isa = PBXBuildFile; fileRef = F2937AE92C5EC0C900090192 /* RegistrationView.swift */; };
		F2937AED2C5EC47100090192 /* TextFieldModifier.swift in Sources */ = {isa = PBXBuildFile; fileRef = F2937AEC2C5EC47100090192 /* TextFieldModifier.swift */; };
		F2937AF22C5EC91800090192 /* MainTabView.swift in Sources */ = {isa = PBXBuildFile; fileRef = F2937AF12C5EC91800090192 /* MainTabView.swift */; };
		F2937AF52C5ECCB700090192 /* FeedView.swift in Sources */ = {isa = PBXBuildFile; fileRef = F2937AF42C5ECCB700090192 /* FeedView.swift */; };
		F2937AFC2C5ECD1C00090192 /* ExploreView.swift in Sources */ = {isa = PBXBuildFile; fileRef = F2937AFB2C5ECD1C00090192 /* ExploreView.swift */; };
		F2937B002C5ECD7900090192 /* ThreadCreationView.swift in Sources */ = {isa = PBXBuildFile; fileRef = F2937AFF2C5ECD7900090192 /* ThreadCreationView.swift */; };
		F2937B042C5ECDB200090192 /* ActivityView.swift in Sources */ = {isa = PBXBuildFile; fileRef = F2937B032C5ECDB200090192 /* ActivityView.swift */; };
		F2937B082C5ECE4600090192 /* ProfileView.swift in Sources */ = {isa = PBXBuildFile; fileRef = F2937B072C5ECE4600090192 /* ProfileView.swift */; };
		F2937B0A2C5ECFE600090192 /* GoogleService-Info.plist in Resources */ = {isa = PBXBuildFile; fileRef = F2937B092C5ECFE600090192 /* GoogleService-Info.plist */; };
		F2937B0D2C5ED10800090192 /* FirebaseAuth in Frameworks */ = {isa = PBXBuildFile; productRef = F2937B0C2C5ED10800090192 /* FirebaseAuth */; };
		F2937B0F2C5ED10800090192 /* FirebaseAuthCombine-Community in Frameworks */ = {isa = PBXBuildFile; productRef = F2937B0E2C5ED10800090192 /* FirebaseAuthCombine-Community */; };
		F2937B112C5ED10800090192 /* FirebaseFirestore in Frameworks */ = {isa = PBXBuildFile; productRef = F2937B102C5ED10800090192 /* FirebaseFirestore */; };
		F2937B132C5ED10800090192 /* FirebaseStorage in Frameworks */ = {isa = PBXBuildFile; productRef = F2937B122C5ED10800090192 /* FirebaseStorage */; };
		F2937B182C5ED5F800090192 /* RegistrationViewModel.swift in Sources */ = {isa = PBXBuildFile; fileRef = F2937B172C5ED5F800090192 /* RegistrationViewModel.swift */; };
		F2937B1B2C5ED6AC00090192 /* AuthenticationService.swift in Sources */ = {isa = PBXBuildFile; fileRef = F2937B1A2C5ED6AC00090192 /* AuthenticationService.swift */; };
		F2937B1E2C5EDE3A00090192 /* ContentViewModel.swift in Sources */ = {isa = PBXBuildFile; fileRef = F2937B1D2C5EDE3A00090192 /* ContentViewModel.swift */; };
		F2937B202C5EE19500090192 /* LoginViewModel.swift in Sources */ = {isa = PBXBuildFile; fileRef = F2937B1F2C5EE19500090192 /* LoginViewModel.swift */; };
		F2937B222C5EE96C00090192 /* AuthenticationButtonViewModifier.swift in Sources */ = {isa = PBXBuildFile; fileRef = F2937B212C5EE96C00090192 /* AuthenticationButtonViewModifier.swift */; };
		F29566EF2C67CE78000C6B34 /* ThreadCell.swift in Sources */ = {isa = PBXBuildFile; fileRef = F29566EE2C67CE78000C6B34 /* ThreadCell.swift */; };
		F29566F22C67D7AB000C6B34 /* CircularProfileImageView.swift in Sources */ = {isa = PBXBuildFile; fileRef = F29566F12C67D7AB000C6B34 /* CircularProfileImageView.swift */; };
		F29566F42C67D825000C6B34 /* UserCell.swift in Sources */ = {isa = PBXBuildFile; fileRef = F29566F32C67D825000C6B34 /* UserCell.swift */; };
		F29566F72C67DD70000C6B34 /* ProfileThreadFilter.swift in Sources */ = {isa = PBXBuildFile; fileRef = F29566F62C67DD70000C6B34 /* ProfileThreadFilter.swift */; };
		F29566FA2C67E190000C6B34 /* EditProfileView.swift in Sources */ = {isa = PBXBuildFile; fileRef = F29566F92C67E190000C6B34 /* EditProfileView.swift */; };
		F2E450C82C827A5000C5DD6E /* Thread.swift in Sources */ = {isa = PBXBuildFile; fileRef = F2E450C72C827A5000C5DD6E /* Thread.swift */; };
		F2E450CB2C827ABC00C5DD6E /* ThreadCreationViewModel.swift in Sources */ = {isa = PBXBuildFile; fileRef = F2E450CA2C827ABC00C5DD6E /* ThreadCreationViewModel.swift */; };
		F2E450CD2C827B0200C5DD6E /* ThreadService.swift in Sources */ = {isa = PBXBuildFile; fileRef = F2E450CC2C827B0200C5DD6E /* ThreadService.swift */; };
		F2E450D02C82805300C5DD6E /* FeedViewModel.swift in Sources */ = {isa = PBXBuildFile; fileRef = F2E450CF2C82805300C5DD6E /* FeedViewModel.swift */; };
		F2E450D32C82863200C5DD6E /* ProfileViewModel.swift in Sources */ = {isa = PBXBuildFile; fileRef = F2E450D22C82863200C5DD6E /* ProfileViewModel.swift */; };
		F2E450D62C82A7BB00C5DD6E /* Constants.swift in Sources */ = {isa = PBXBuildFile; fileRef = F2E450D52C82A7BB00C5DD6E /* Constants.swift */; };
/* End PBXBuildFile section */

/* Begin PBXContainerItemProxy section */
		F2937AC22C5EBA5F00090192 /* PBXContainerItemProxy */ = {
			isa = PBXContainerItemProxy;
			containerPortal = F2937AA62C5EBA5D00090192 /* Project object */;
			proxyType = 1;
			remoteGlobalIDString = F2937AAD2C5EBA5D00090192;
			remoteInfo = ThreadsClone;
		};
		F2937ACC2C5EBA5F00090192 /* PBXContainerItemProxy */ = {
			isa = PBXContainerItemProxy;
			containerPortal = F2937AA62C5EBA5D00090192 /* Project object */;
			proxyType = 1;
			remoteGlobalIDString = F2937AAD2C5EBA5D00090192;
			remoteInfo = ThreadsClone;
		};
/* End PBXContainerItemProxy section */

/* Begin PBXFileReference section */
		F254F8482C7E9E8E00109D88 /* User.swift */ = {isa = PBXFileReference; lastKnownFileType = sourcecode.swift; path = User.swift; sourceTree = "<group>"; };
		F254F84A2C7EA65100109D88 /* UserService.swift */ = {isa = PBXFileReference; lastKnownFileType = sourcecode.swift; path = UserService.swift; sourceTree = "<group>"; };
		F254F8502C7EACCD00109D88 /* ExploreViewModel.swift */ = {isa = PBXFileReference; lastKnownFileType = sourcecode.swift; path = ExploreViewModel.swift; sourceTree = "<group>"; };
		F254F8522C7EADBA00109D88 /* PreviewProvider.swift */ = {isa = PBXFileReference; lastKnownFileType = sourcecode.swift; path = PreviewProvider.swift; sourceTree = "<group>"; };
		F254F8552C7EB26B00109D88 /* CurrentUserProfileView.swift */ = {isa = PBXFileReference; lastKnownFileType = sourcecode.swift; path = CurrentUserProfileView.swift; sourceTree = "<group>"; };
		F254F8592C7EB31C00109D88 /* CurrentUserProfileViewModel.swift */ = {isa = PBXFileReference; lastKnownFileType = sourcecode.swift; path = CurrentUserProfileViewModel.swift; sourceTree = "<group>"; };
		F254F85D2C7EBCB200109D88 /* EditProfileViewModel.swift */ = {isa = PBXFileReference; lastKnownFileType = sourcecode.swift; path = EditProfileViewModel.swift; sourceTree = "<group>"; };
		F254F85F2C7EBEC600109D88 /* ImageUploader.swift */ = {isa = PBXFileReference; lastKnownFileType = sourcecode.swift; path = ImageUploader.swift; sourceTree = "<group>"; };
		F2937AAE2C5EBA5D00090192 /* ThreadsClone.app */ = {isa = PBXFileReference; explicitFileType = wrapper.application; includeInIndex = 0; path = ThreadsClone.app; sourceTree = BUILT_PRODUCTS_DIR; };
		F2937AB12C5EBA5D00090192 /* ThreadsCloneApp.swift */ = {isa = PBXFileReference; lastKnownFileType = sourcecode.swift; path = ThreadsCloneApp.swift; sourceTree = "<group>"; };
		F2937AB32C5EBA5D00090192 /* ContentView.swift */ = {isa = PBXFileReference; lastKnownFileType = sourcecode.swift; path = ContentView.swift; sourceTree = "<group>"; };
		F2937AB72C5EBA5F00090192 /* Assets.xcassets */ = {isa = PBXFileReference; lastKnownFileType = folder.assetcatalog; path = Assets.xcassets; sourceTree = "<group>"; };
		F2937AB92C5EBA5F00090192 /* ThreadsClone.entitlements */ = {isa = PBXFileReference; lastKnownFileType = text.plist.entitlements; path = ThreadsClone.entitlements; sourceTree = "<group>"; };
		F2937ABB2C5EBA5F00090192 /* Preview Assets.xcassets */ = {isa = PBXFileReference; lastKnownFileType = folder.assetcatalog; path = "Preview Assets.xcassets"; sourceTree = "<group>"; };
		F2937AC12C5EBA5F00090192 /* ThreadsCloneTests.xctest */ = {isa = PBXFileReference; explicitFileType = wrapper.cfbundle; includeInIndex = 0; path = ThreadsCloneTests.xctest; sourceTree = BUILT_PRODUCTS_DIR; };
		F2937AC52C5EBA5F00090192 /* ThreadsCloneTests.swift */ = {isa = PBXFileReference; lastKnownFileType = sourcecode.swift; path = ThreadsCloneTests.swift; sourceTree = "<group>"; };
		F2937ACB2C5EBA5F00090192 /* ThreadsCloneUITests.xctest */ = {isa = PBXFileReference; explicitFileType = wrapper.cfbundle; includeInIndex = 0; path = ThreadsCloneUITests.xctest; sourceTree = BUILT_PRODUCTS_DIR; };
		F2937ACF2C5EBA5F00090192 /* ThreadsCloneUITests.swift */ = {isa = PBXFileReference; lastKnownFileType = sourcecode.swift; path = ThreadsCloneUITests.swift; sourceTree = "<group>"; };
		F2937AD12C5EBA5F00090192 /* ThreadsCloneUITestsLaunchTests.swift */ = {isa = PBXFileReference; lastKnownFileType = sourcecode.swift; path = ThreadsCloneUITestsLaunchTests.swift; sourceTree = "<group>"; };
		F2937AE72C5EBC7400090192 /* LoginView.swift */ = {isa = PBXFileReference; lastKnownFileType = sourcecode.swift; path = LoginView.swift; sourceTree = "<group>"; };
		F2937AE92C5EC0C900090192 /* RegistrationView.swift */ = {isa = PBXFileReference; lastKnownFileType = sourcecode.swift; path = RegistrationView.swift; sourceTree = "<group>"; };
		F2937AEC2C5EC47100090192 /* TextFieldModifier.swift */ = {isa = PBXFileReference; lastKnownFileType = sourcecode.swift; path = TextFieldModifier.swift; sourceTree = "<group>"; };
		F2937AF12C5EC91800090192 /* MainTabView.swift */ = {isa = PBXFileReference; lastKnownFileType = sourcecode.swift; path = MainTabView.swift; sourceTree = "<group>"; };
		F2937AF42C5ECCB700090192 /* FeedView.swift */ = {isa = PBXFileReference; lastKnownFileType = sourcecode.swift; path = FeedView.swift; sourceTree = "<group>"; };
		F2937AFB2C5ECD1C00090192 /* ExploreView.swift */ = {isa = PBXFileReference; lastKnownFileType = sourcecode.swift; path = ExploreView.swift; sourceTree = "<group>"; };
		F2937AFF2C5ECD7900090192 /* ThreadCreationView.swift */ = {isa = PBXFileReference; lastKnownFileType = sourcecode.swift; path = ThreadCreationView.swift; sourceTree = "<group>"; };
		F2937B032C5ECDB200090192 /* ActivityView.swift */ = {isa = PBXFileReference; lastKnownFileType = sourcecode.swift; path = ActivityView.swift; sourceTree = "<group>"; };
		F2937B072C5ECE4600090192 /* ProfileView.swift */ = {isa = PBXFileReference; lastKnownFileType = sourcecode.swift; path = ProfileView.swift; sourceTree = "<group>"; };
		F2937B092C5ECFE600090192 /* GoogleService-Info.plist */ = {isa = PBXFileReference; fileEncoding = 4; lastKnownFileType = text.plist.xml; path = "GoogleService-Info.plist"; sourceTree = "<group>"; };
		F2937B172C5ED5F800090192 /* RegistrationViewModel.swift */ = {isa = PBXFileReference; lastKnownFileType = sourcecode.swift; path = RegistrationViewModel.swift; sourceTree = "<group>"; };
		F2937B1A2C5ED6AC00090192 /* AuthenticationService.swift */ = {isa = PBXFileReference; lastKnownFileType = sourcecode.swift; path = AuthenticationService.swift; sourceTree = "<group>"; };
		F2937B1D2C5EDE3A00090192 /* ContentViewModel.swift */ = {isa = PBXFileReference; lastKnownFileType = sourcecode.swift; path = ContentViewModel.swift; sourceTree = "<group>"; };
		F2937B1F2C5EE19500090192 /* LoginViewModel.swift */ = {isa = PBXFileReference; lastKnownFileType = sourcecode.swift; path = LoginViewModel.swift; sourceTree = "<group>"; };
		F2937B212C5EE96C00090192 /* AuthenticationButtonViewModifier.swift */ = {isa = PBXFileReference; lastKnownFileType = sourcecode.swift; path = AuthenticationButtonViewModifier.swift; sourceTree = "<group>"; };
		F29566EE2C67CE78000C6B34 /* ThreadCell.swift */ = {isa = PBXFileReference; lastKnownFileType = sourcecode.swift; path = ThreadCell.swift; sourceTree = "<group>"; };
		F29566F12C67D7AB000C6B34 /* CircularProfileImageView.swift */ = {isa = PBXFileReference; lastKnownFileType = sourcecode.swift; path = CircularProfileImageView.swift; sourceTree = "<group>"; };
		F29566F32C67D825000C6B34 /* UserCell.swift */ = {isa = PBXFileReference; lastKnownFileType = sourcecode.swift; path = UserCell.swift; sourceTree = "<group>"; };
		F29566F62C67DD70000C6B34 /* ProfileThreadFilter.swift */ = {isa = PBXFileReference; lastKnownFileType = sourcecode.swift; path = ProfileThreadFilter.swift; sourceTree = "<group>"; };
		F29566F92C67E190000C6B34 /* EditProfileView.swift */ = {isa = PBXFileReference; lastKnownFileType = sourcecode.swift; path = EditProfileView.swift; sourceTree = "<group>"; };
		F2E450C72C827A5000C5DD6E /* Thread.swift */ = {isa = PBXFileReference; lastKnownFileType = sourcecode.swift; path = Thread.swift; sourceTree = "<group>"; };
		F2E450CA2C827ABC00C5DD6E /* ThreadCreationViewModel.swift */ = {isa = PBXFileReference; lastKnownFileType = sourcecode.swift; path = ThreadCreationViewModel.swift; sourceTree = "<group>"; };
		F2E450CC2C827B0200C5DD6E /* ThreadService.swift */ = {isa = PBXFileReference; lastKnownFileType = sourcecode.swift; path = ThreadService.swift; sourceTree = "<group>"; };
		F2E450CF2C82805300C5DD6E /* FeedViewModel.swift */ = {isa = PBXFileReference; lastKnownFileType = sourcecode.swift; path = FeedViewModel.swift; sourceTree = "<group>"; };
		F2E450D22C82863200C5DD6E /* ProfileViewModel.swift */ = {isa = PBXFileReference; lastKnownFileType = sourcecode.swift; path = ProfileViewModel.swift; sourceTree = "<group>"; };
		F2E450D52C82A7BB00C5DD6E /* Constants.swift */ = {isa = PBXFileReference; lastKnownFileType = sourcecode.swift; path = Constants.swift; sourceTree = "<group>"; };
/* End PBXFileReference section */

/* Begin PBXFrameworksBuildPhase section */
		F2937AAB2C5EBA5D00090192 /* Frameworks */ = {
			isa = PBXFrameworksBuildPhase;
			buildActionMask = 2147483647;
			files = (
				F2937B0D2C5ED10800090192 /* FirebaseAuth in Frameworks */,
				F2937B132C5ED10800090192 /* FirebaseStorage in Frameworks */,
				F2937B0F2C5ED10800090192 /* FirebaseAuthCombine-Community in Frameworks */,
				F2937B112C5ED10800090192 /* FirebaseFirestore in Frameworks */,
			);
			runOnlyForDeploymentPostprocessing = 0;
		};
		F2937ABE2C5EBA5F00090192 /* Frameworks */ = {
			isa = PBXFrameworksBuildPhase;
			buildActionMask = 2147483647;
			files = (
			);
			runOnlyForDeploymentPostprocessing = 0;
		};
		F2937AC82C5EBA5F00090192 /* Frameworks */ = {
			isa = PBXFrameworksBuildPhase;
			buildActionMask = 2147483647;
			files = (
			);
			runOnlyForDeploymentPostprocessing = 0;
		};
/* End PBXFrameworksBuildPhase section */

/* Begin PBXGroup section */
		F254F84F2C7EACC000109D88 /* ViewModel */ = {
			isa = PBXGroup;
			children = (
				F254F8502C7EACCD00109D88 /* ExploreViewModel.swift */,
			);
			path = ViewModel;
			sourceTree = "<group>";
		};
		F254F8542C7EB24C00109D88 /* CurrentUserProfile */ = {
			isa = PBXGroup;
			children = (
				F254F8582C7EB30900109D88 /* ViewModel */,
				F254F8572C7EB30200109D88 /* View */,
			);
			path = CurrentUserProfile;
			sourceTree = "<group>";
		};
		F254F8572C7EB30200109D88 /* View */ = {
			isa = PBXGroup;
			children = (
				F254F8552C7EB26B00109D88 /* CurrentUserProfileView.swift */,
			);
			path = View;
			sourceTree = "<group>";
		};
		F254F8582C7EB30900109D88 /* ViewModel */ = {
			isa = PBXGroup;
			children = (
				F254F8592C7EB31C00109D88 /* CurrentUserProfileViewModel.swift */,
			);
			path = ViewModel;
			sourceTree = "<group>";
		};
		F254F85B2C7EBC9D00109D88 /* View */ = {
			isa = PBXGroup;
			children = (
				F29566F92C67E190000C6B34 /* EditProfileView.swift */,
			);
			path = View;
			sourceTree = "<group>";
		};
		F254F85C2C7EBCA300109D88 /* ViewModel */ = {
			isa = PBXGroup;
			children = (
				F254F85D2C7EBCB200109D88 /* EditProfileViewModel.swift */,
			);
			path = ViewModel;
			sourceTree = "<group>";
		};
		F2937AA52C5EBA5D00090192 = {
			isa = PBXGroup;
			children = (
				F2937AB02C5EBA5D00090192 /* ThreadsClone */,
				F2937AC42C5EBA5F00090192 /* ThreadsCloneTests */,
				F2937ACE2C5EBA5F00090192 /* ThreadsCloneUITests */,
				F2937AAF2C5EBA5D00090192 /* Products */,
			);
			sourceTree = "<group>";
		};
		F2937AAF2C5EBA5D00090192 /* Products */ = {
			isa = PBXGroup;
			children = (
				F2937AAE2C5EBA5D00090192 /* ThreadsClone.app */,
				F2937AC12C5EBA5F00090192 /* ThreadsCloneTests.xctest */,
				F2937ACB2C5EBA5F00090192 /* ThreadsCloneUITests.xctest */,
			);
			name = Products;
			sourceTree = "<group>";
		};
		F2937AB02C5EBA5D00090192 /* ThreadsClone */ = {
			isa = PBXGroup;
			children = (
				F2E450D42C82A7B100C5DD6E /* Constants */,
				F29566F02C67D79E000C6B34 /* Components */,
				F2937B092C5ECFE600090192 /* GoogleService-Info.plist */,
				F2937AE32C5EBC0100090192 /* Service */,
				F2937AE22C5EBBFB00090192 /* Model */,
				F2937AE12C5EBBF100090192 /* Utils */,
				F2937AE02C5EBB7500090192 /* Extensions */,
				F2937ADF2C5EBB6F00090192 /* Core */,
				F2937ADE2C5EBB5C00090192 /* App */,
				F2937AB72C5EBA5F00090192 /* Assets.xcassets */,
				F2937AB92C5EBA5F00090192 /* ThreadsClone.entitlements */,
				F2937ABA2C5EBA5F00090192 /* Preview Content */,
			);
			path = ThreadsClone;
			sourceTree = "<group>";
		};
		F2937ABA2C5EBA5F00090192 /* Preview Content */ = {
			isa = PBXGroup;
			children = (
				F2937ABB2C5EBA5F00090192 /* Preview Assets.xcassets */,
			);
			path = "Preview Content";
			sourceTree = "<group>";
		};
		F2937AC42C5EBA5F00090192 /* ThreadsCloneTests */ = {
			isa = PBXGroup;
			children = (
				F2937AC52C5EBA5F00090192 /* ThreadsCloneTests.swift */,
			);
			path = ThreadsCloneTests;
			sourceTree = "<group>";
		};
		F2937ACE2C5EBA5F00090192 /* ThreadsCloneUITests */ = {
			isa = PBXGroup;
			children = (
				F2937ACF2C5EBA5F00090192 /* ThreadsCloneUITests.swift */,
				F2937AD12C5EBA5F00090192 /* ThreadsCloneUITestsLaunchTests.swift */,
			);
			path = ThreadsCloneUITests;
			sourceTree = "<group>";
		};
		F2937ADE2C5EBB5C00090192 /* App */ = {
			isa = PBXGroup;
			children = (
				F2937AB12C5EBA5D00090192 /* ThreadsCloneApp.swift */,
			);
			name = App;
			sourceTree = "<group>";
		};
		F2937ADF2C5EBB6F00090192 /* Core */ = {
			isa = PBXGroup;
			children = (
				F2937B052C5ECE3800090192 /* Profile */,
				F2937B012C5ECDA100090192 /* Activity */,
				F2937AFD2C5ECD6900090192 /* ThreadCreation */,
				F2937AF62C5ECCE600090192 /* Explore */,
				F2937AF32C5ECB8700090192 /* Feed */,
				F2937AE42C5EBC2500090192 /* Authentication */,
				F2937AE52C5EBC4600090192 /* Root */,
				F2937AEE2C5EC8E600090192 /* TabBar */,
			);
			path = Core;
			sourceTree = "<group>";
		};
		F2937AE02C5EBB7500090192 /* Extensions */ = {
			isa = PBXGroup;
			children = (
				F254F8522C7EADBA00109D88 /* PreviewProvider.swift */,
			);
			path = Extensions;
			sourceTree = "<group>";
		};
		F2937AE12C5EBBF100090192 /* Utils */ = {
			isa = PBXGroup;
			children = (
				F2937AEB2C5EC45B00090192 /* ViewModifiers */,
			);
			path = Utils;
			sourceTree = "<group>";
		};
		F2937AE22C5EBBFB00090192 /* Model */ = {
			isa = PBXGroup;
			children = (
				F254F8482C7E9E8E00109D88 /* User.swift */,
				F2E450C72C827A5000C5DD6E /* Thread.swift */,
			);
			path = Model;
			sourceTree = "<group>";
		};
		F2937AE32C5EBC0100090192 /* Service */ = {
			isa = PBXGroup;
			children = (
				F254F84A2C7EA65100109D88 /* UserService.swift */,
				F254F85F2C7EBEC600109D88 /* ImageUploader.swift */,
				F2E450CC2C827B0200C5DD6E /* ThreadService.swift */,
				F2937B1A2C5ED6AC00090192 /* AuthenticationService.swift */,
			);
			path = Service;
			sourceTree = "<group>";
		};
		F2937AE42C5EBC2500090192 /* Authentication */ = {
			isa = PBXGroup;
			children = (
				F2937B142C5ED5C900090192 /* ViewModel */,
				F2937AE62C5EBC6300090192 /* View */,
			);
			path = Authentication;
			sourceTree = "<group>";
		};
		F2937AE52C5EBC4600090192 /* Root */ = {
			isa = PBXGroup;
			children = (
				F2937B1C2C5EDE2100090192 /* ViewModel */,
				F2937AB32C5EBA5D00090192 /* ContentView.swift */,
			);
			path = Root;
			sourceTree = "<group>";
		};
		F2937AE62C5EBC6300090192 /* View */ = {
			isa = PBXGroup;
			children = (
				F2937AE72C5EBC7400090192 /* LoginView.swift */,
				F2937AE92C5EC0C900090192 /* RegistrationView.swift */,
			);
			path = View;
			sourceTree = "<group>";
		};
		F2937AEB2C5EC45B00090192 /* ViewModifiers */ = {
			isa = PBXGroup;
			children = (
				F2937AEC2C5EC47100090192 /* TextFieldModifier.swift */,
				F2937B212C5EE96C00090192 /* AuthenticationButtonViewModifier.swift */,
			);
			path = ViewModifiers;
			sourceTree = "<group>";
		};
		F2937AEE2C5EC8E600090192 /* TabBar */ = {
			isa = PBXGroup;
			children = (
				F2937AF12C5EC91800090192 /* MainTabView.swift */,
			);
			path = TabBar;
			sourceTree = "<group>";
		};
		F2937AF32C5ECB8700090192 /* Feed */ = {
			isa = PBXGroup;
			children = (
				F2E450CE2C82804500C5DD6E /* FeedViewModel */,
				F2937AF82C5ECCF300090192 /* View */,
			);
			path = Feed;
			sourceTree = "<group>";
		};
		F2937AF62C5ECCE600090192 /* Explore */ = {
			isa = PBXGroup;
			children = (
				F254F84F2C7EACC000109D88 /* ViewModel */,
				F2937AF72C5ECCEF00090192 /* View */,
			);
			path = Explore;
			sourceTree = "<group>";
		};
		F2937AF72C5ECCEF00090192 /* View */ = {
			isa = PBXGroup;
			children = (
				F2937AFB2C5ECD1C00090192 /* ExploreView.swift */,
				F29566F32C67D825000C6B34 /* UserCell.swift */,
			);
			path = View;
			sourceTree = "<group>";
		};
		F2937AF82C5ECCF300090192 /* View */ = {
			isa = PBXGroup;
			children = (
				F2937AF42C5ECCB700090192 /* FeedView.swift */,
				F29566EE2C67CE78000C6B34 /* ThreadCell.swift */,
			);
			path = View;
			sourceTree = "<group>";
		};
		F2937AFD2C5ECD6900090192 /* ThreadCreation */ = {
			isa = PBXGroup;
			children = (
				F2E450C92C827AAF00C5DD6E /* ViewModel */,
				F2937AFE2C5ECD6F00090192 /* View */,
			);
			path = ThreadCreation;
			sourceTree = "<group>";
		};
		F2937AFE2C5ECD6F00090192 /* View */ = {
			isa = PBXGroup;
			children = (
				F2937AFF2C5ECD7900090192 /* ThreadCreationView.swift */,
			);
			path = View;
			sourceTree = "<group>";
		};
		F2937B012C5ECDA100090192 /* Activity */ = {
			isa = PBXGroup;
			children = (
				F2937B022C5ECDA900090192 /* View */,
			);
			path = Activity;
			sourceTree = "<group>";
		};
		F2937B022C5ECDA900090192 /* View */ = {
			isa = PBXGroup;
			children = (
				F2937B032C5ECDB200090192 /* ActivityView.swift */,
			);
			path = View;
			sourceTree = "<group>";
		};
		F2937B052C5ECE3800090192 /* Profile */ = {
			isa = PBXGroup;
			children = (
				F2E450D12C82861B00C5DD6E /* ViewModel */,
				F254F8542C7EB24C00109D88 /* CurrentUserProfile */,
				F29566F82C67E183000C6B34 /* EditProfile */,
				F29566F52C67DD5F000C6B34 /* Model */,
				F2937B062C5ECE3D00090192 /* View */,
			);
			path = Profile;
			sourceTree = "<group>";
		};
		F2937B062C5ECE3D00090192 /* View */ = {
			isa = PBXGroup;
			children = (
				F2937B072C5ECE4600090192 /* ProfileView.swift */,
			);
			path = View;
			sourceTree = "<group>";
		};
		F2937B142C5ED5C900090192 /* ViewModel */ = {
			isa = PBXGroup;
			children = (
				F2937B172C5ED5F800090192 /* RegistrationViewModel.swift */,
				F2937B1F2C5EE19500090192 /* LoginViewModel.swift */,
			);
			path = ViewModel;
			sourceTree = "<group>";
		};
		F2937B1C2C5EDE2100090192 /* ViewModel */ = {
			isa = PBXGroup;
			children = (
				F2937B1D2C5EDE3A00090192 /* ContentViewModel.swift */,
			);
			path = ViewModel;
			sourceTree = "<group>";
		};
		F29566F02C67D79E000C6B34 /* Components */ = {
			isa = PBXGroup;
			children = (
				F29566F12C67D7AB000C6B34 /* CircularProfileImageView.swift */,
			);
			path = Components;
			sourceTree = "<group>";
		};
		F29566F52C67DD5F000C6B34 /* Model */ = {
			isa = PBXGroup;
			children = (
				F29566F62C67DD70000C6B34 /* ProfileThreadFilter.swift */,
			);
			path = Model;
			sourceTree = "<group>";
		};
		F29566F82C67E183000C6B34 /* EditProfile */ = {
			isa = PBXGroup;
			children = (
				F254F85C2C7EBCA300109D88 /* ViewModel */,
				F254F85B2C7EBC9D00109D88 /* View */,
			);
			path = EditProfile;
			sourceTree = "<group>";
		};
		F2E450C92C827AAF00C5DD6E /* ViewModel */ = {
			isa = PBXGroup;
			children = (
				F2E450CA2C827ABC00C5DD6E /* ThreadCreationViewModel.swift */,
			);
			path = ViewModel;
			sourceTree = "<group>";
		};
		F2E450CE2C82804500C5DD6E /* FeedViewModel */ = {
			isa = PBXGroup;
			children = (
				F2E450CF2C82805300C5DD6E /* FeedViewModel.swift */,
			);
			path = FeedViewModel;
			sourceTree = "<group>";
		};
		F2E450D12C82861B00C5DD6E /* ViewModel */ = {
			isa = PBXGroup;
			children = (
				F2E450D22C82863200C5DD6E /* ProfileViewModel.swift */,
			);
			path = ViewModel;
			sourceTree = "<group>";
		};
		F2E450D42C82A7B100C5DD6E /* Constants */ = {
			isa = PBXGroup;
			children = (
				F2E450D52C82A7BB00C5DD6E /* Constants.swift */,
			);
			path = Constants;
			sourceTree = "<group>";
		};
/* End PBXGroup section */

/* Begin PBXNativeTarget section */
		F2937AAD2C5EBA5D00090192 /* ThreadsClone */ = {
			isa = PBXNativeTarget;
			buildConfigurationList = F2937AD52C5EBA5F00090192 /* Build configuration list for PBXNativeTarget "ThreadsClone" */;
			buildPhases = (
				F2937AAA2C5EBA5D00090192 /* Sources */,
				F2937AAB2C5EBA5D00090192 /* Frameworks */,
				F2937AAC2C5EBA5D00090192 /* Resources */,
			);
			buildRules = (
			);
			dependencies = (
			);
			name = ThreadsClone;
			packageProductDependencies = (
				F2937B0C2C5ED10800090192 /* FirebaseAuth */,
				F2937B0E2C5ED10800090192 /* FirebaseAuthCombine-Community */,
				F2937B102C5ED10800090192 /* FirebaseFirestore */,
				F2937B122C5ED10800090192 /* FirebaseStorage */,
			);
			productName = ThreadsClone;
			productReference = F2937AAE2C5EBA5D00090192 /* ThreadsClone.app */;
			productType = "com.apple.product-type.application";
		};
		F2937AC02C5EBA5F00090192 /* ThreadsCloneTests */ = {
			isa = PBXNativeTarget;
			buildConfigurationList = F2937AD82C5EBA5F00090192 /* Build configuration list for PBXNativeTarget "ThreadsCloneTests" */;
			buildPhases = (
				F2937ABD2C5EBA5F00090192 /* Sources */,
				F2937ABE2C5EBA5F00090192 /* Frameworks */,
				F2937ABF2C5EBA5F00090192 /* Resources */,
			);
			buildRules = (
			);
			dependencies = (
				F2937AC32C5EBA5F00090192 /* PBXTargetDependency */,
			);
			name = ThreadsCloneTests;
			productName = ThreadsCloneTests;
			productReference = F2937AC12C5EBA5F00090192 /* ThreadsCloneTests.xctest */;
			productType = "com.apple.product-type.bundle.unit-test";
		};
		F2937ACA2C5EBA5F00090192 /* ThreadsCloneUITests */ = {
			isa = PBXNativeTarget;
			buildConfigurationList = F2937ADB2C5EBA5F00090192 /* Build configuration list for PBXNativeTarget "ThreadsCloneUITests" */;
			buildPhases = (
				F2937AC72C5EBA5F00090192 /* Sources */,
				F2937AC82C5EBA5F00090192 /* Frameworks */,
				F2937AC92C5EBA5F00090192 /* Resources */,
			);
			buildRules = (
			);
			dependencies = (
				F2937ACD2C5EBA5F00090192 /* PBXTargetDependency */,
			);
			name = ThreadsCloneUITests;
			productName = ThreadsCloneUITests;
			productReference = F2937ACB2C5EBA5F00090192 /* ThreadsCloneUITests.xctest */;
			productType = "com.apple.product-type.bundle.ui-testing";
		};
/* End PBXNativeTarget section */

/* Begin PBXProject section */
		F2937AA62C5EBA5D00090192 /* Project object */ = {
			isa = PBXProject;
			attributes = {
				BuildIndependentTargetsInParallel = 1;
				LastSwiftUpdateCheck = 1520;
				LastUpgradeCheck = 1520;
				TargetAttributes = {
					F2937AAD2C5EBA5D00090192 = {
						CreatedOnToolsVersion = 15.2;
					};
					F2937AC02C5EBA5F00090192 = {
						CreatedOnToolsVersion = 15.2;
						TestTargetID = F2937AAD2C5EBA5D00090192;
					};
					F2937ACA2C5EBA5F00090192 = {
						CreatedOnToolsVersion = 15.2;
						TestTargetID = F2937AAD2C5EBA5D00090192;
					};
				};
			};
			buildConfigurationList = F2937AA92C5EBA5D00090192 /* Build configuration list for PBXProject "ThreadsClone" */;
			compatibilityVersion = "Xcode 14.0";
			developmentRegion = en;
			hasScannedForEncodings = 0;
			knownRegions = (
				en,
				Base,
			);
			mainGroup = F2937AA52C5EBA5D00090192;
			packageReferences = (
				F2937B0B2C5ED10800090192 /* XCRemoteSwiftPackageReference "firebase-ios-sdk" */,
			);
			productRefGroup = F2937AAF2C5EBA5D00090192 /* Products */;
			projectDirPath = "";
			projectRoot = "";
			targets = (
				F2937AAD2C5EBA5D00090192 /* ThreadsClone */,
				F2937AC02C5EBA5F00090192 /* ThreadsCloneTests */,
				F2937ACA2C5EBA5F00090192 /* ThreadsCloneUITests */,
			);
		};
/* End PBXProject section */

/* Begin PBXResourcesBuildPhase section */
		F2937AAC2C5EBA5D00090192 /* Resources */ = {
			isa = PBXResourcesBuildPhase;
			buildActionMask = 2147483647;
			files = (
				F2937ABC2C5EBA5F00090192 /* Preview Assets.xcassets in Resources */,
				F2937AB82C5EBA5F00090192 /* Assets.xcassets in Resources */,
				F2937B0A2C5ECFE600090192 /* GoogleService-Info.plist in Resources */,
			);
			runOnlyForDeploymentPostprocessing = 0;
		};
		F2937ABF2C5EBA5F00090192 /* Resources */ = {
			isa = PBXResourcesBuildPhase;
			buildActionMask = 2147483647;
			files = (
			);
			runOnlyForDeploymentPostprocessing = 0;
		};
		F2937AC92C5EBA5F00090192 /* Resources */ = {
			isa = PBXResourcesBuildPhase;
			buildActionMask = 2147483647;
			files = (
			);
			runOnlyForDeploymentPostprocessing = 0;
		};
/* End PBXResourcesBuildPhase section */

/* Begin PBXSourcesBuildPhase section */
		F2937AAA2C5EBA5D00090192 /* Sources */ = {
			isa = PBXSourcesBuildPhase;
			buildActionMask = 2147483647;
			files = (
				F29566FA2C67E190000C6B34 /* EditProfileView.swift in Sources */,
				F2E450C82C827A5000C5DD6E /* Thread.swift in Sources */,
				F2937B042C5ECDB200090192 /* ActivityView.swift in Sources */,
				F29566F22C67D7AB000C6B34 /* CircularProfileImageView.swift in Sources */,
				F2937B182C5ED5F800090192 /* RegistrationViewModel.swift in Sources */,
				F2E450D02C82805300C5DD6E /* FeedViewModel.swift in Sources */,
				F254F85E2C7EBCB200109D88 /* EditProfileViewModel.swift in Sources */,
				F29566F72C67DD70000C6B34 /* ProfileThreadFilter.swift in Sources */,
				F2937AF52C5ECCB700090192 /* FeedView.swift in Sources */,
				F2937AFC2C5ECD1C00090192 /* ExploreView.swift in Sources */,
				F254F8562C7EB26B00109D88 /* CurrentUserProfileView.swift in Sources */,
				F254F84B2C7EA65100109D88 /* UserService.swift in Sources */,
				F2937AED2C5EC47100090192 /* TextFieldModifier.swift in Sources */,
				F29566F42C67D825000C6B34 /* UserCell.swift in Sources */,
				F2937B082C5ECE4600090192 /* ProfileView.swift in Sources */,
				F254F8492C7E9E8E00109D88 /* User.swift in Sources */,
				F2937AB42C5EBA5D00090192 /* ContentView.swift in Sources */,
				F2937B222C5EE96C00090192 /* AuthenticationButtonViewModifier.swift in Sources */,
				F29566EF2C67CE78000C6B34 /* ThreadCell.swift in Sources */,
				F2937AE82C5EBC7400090192 /* LoginView.swift in Sources */,
				F2937B202C5EE19500090192 /* LoginViewModel.swift in Sources */,
				F2937AF22C5EC91800090192 /* MainTabView.swift in Sources */,
				F2937AB22C5EBA5D00090192 /* ThreadsCloneApp.swift in Sources */,
				F2937B1E2C5EDE3A00090192 /* ContentViewModel.swift in Sources */,
				F2E450CD2C827B0200C5DD6E /* ThreadService.swift in Sources */,
				F2E450D62C82A7BB00C5DD6E /* Constants.swift in Sources */,
				F254F8512C7EACCD00109D88 /* ExploreViewModel.swift in Sources */,
				F2937AEA2C5EC0C900090192 /* RegistrationView.swift in Sources */,
				F2937B1B2C5ED6AC00090192 /* AuthenticationService.swift in Sources */,
				F2E450CB2C827ABC00C5DD6E /* ThreadCreationViewModel.swift in Sources */,
				F254F85A2C7EB31C00109D88 /* CurrentUserProfileViewModel.swift in Sources */,
				F2E450D32C82863200C5DD6E /* ProfileViewModel.swift in Sources */,
				F2937B002C5ECD7900090192 /* ThreadCreationView.swift in Sources */,
				F254F8532C7EADBA00109D88 /* PreviewProvider.swift in Sources */,
				F254F8602C7EBEC600109D88 /* ImageUploader.swift in Sources */,
			);
			runOnlyForDeploymentPostprocessing = 0;
		};
		F2937ABD2C5EBA5F00090192 /* Sources */ = {
			isa = PBXSourcesBuildPhase;
			buildActionMask = 2147483647;
			files = (
				F2937AC62C5EBA5F00090192 /* ThreadsCloneTests.swift in Sources */,
			);
			runOnlyForDeploymentPostprocessing = 0;
		};
		F2937AC72C5EBA5F00090192 /* Sources */ = {
			isa = PBXSourcesBuildPhase;
			buildActionMask = 2147483647;
			files = (
				F2937AD22C5EBA5F00090192 /* ThreadsCloneUITestsLaunchTests.swift in Sources */,
				F2937AD02C5EBA5F00090192 /* ThreadsCloneUITests.swift in Sources */,
			);
			runOnlyForDeploymentPostprocessing = 0;
		};
/* End PBXSourcesBuildPhase section */

/* Begin PBXTargetDependency section */
		F2937AC32C5EBA5F00090192 /* PBXTargetDependency */ = {
			isa = PBXTargetDependency;
			target = F2937AAD2C5EBA5D00090192 /* ThreadsClone */;
			targetProxy = F2937AC22C5EBA5F00090192 /* PBXContainerItemProxy */;
		};
		F2937ACD2C5EBA5F00090192 /* PBXTargetDependency */ = {
			isa = PBXTargetDependency;
			target = F2937AAD2C5EBA5D00090192 /* ThreadsClone */;
			targetProxy = F2937ACC2C5EBA5F00090192 /* PBXContainerItemProxy */;
		};
/* End PBXTargetDependency section */

/* Begin XCBuildConfiguration section */
		F2937AD32C5EBA5F00090192 /* Debug */ = {
			isa = XCBuildConfiguration;
			buildSettings = {
				ALWAYS_SEARCH_USER_PATHS = NO;
				ASSETCATALOG_COMPILER_GENERATE_SWIFT_ASSET_SYMBOL_EXTENSIONS = YES;
				CLANG_ANALYZER_NONNULL = YES;
				CLANG_ANALYZER_NUMBER_OBJECT_CONVERSION = YES_AGGRESSIVE;
				CLANG_CXX_LANGUAGE_STANDARD = "gnu++20";
				CLANG_ENABLE_MODULES = YES;
				CLANG_ENABLE_OBJC_ARC = YES;
				CLANG_ENABLE_OBJC_WEAK = YES;
				CLANG_WARN_BLOCK_CAPTURE_AUTORELEASING = YES;
				CLANG_WARN_BOOL_CONVERSION = YES;
				CLANG_WARN_COMMA = YES;
				CLANG_WARN_CONSTANT_CONVERSION = YES;
				CLANG_WARN_DEPRECATED_OBJC_IMPLEMENTATIONS = YES;
				CLANG_WARN_DIRECT_OBJC_ISA_USAGE = YES_ERROR;
				CLANG_WARN_DOCUMENTATION_COMMENTS = YES;
				CLANG_WARN_EMPTY_BODY = YES;
				CLANG_WARN_ENUM_CONVERSION = YES;
				CLANG_WARN_INFINITE_RECURSION = YES;
				CLANG_WARN_INT_CONVERSION = YES;
				CLANG_WARN_NON_LITERAL_NULL_CONVERSION = YES;
				CLANG_WARN_OBJC_IMPLICIT_RETAIN_SELF = YES;
				CLANG_WARN_OBJC_LITERAL_CONVERSION = YES;
				CLANG_WARN_OBJC_ROOT_CLASS = YES_ERROR;
				CLANG_WARN_QUOTED_INCLUDE_IN_FRAMEWORK_HEADER = YES;
				CLANG_WARN_RANGE_LOOP_ANALYSIS = YES;
				CLANG_WARN_STRICT_PROTOTYPES = YES;
				CLANG_WARN_SUSPICIOUS_MOVE = YES;
				CLANG_WARN_UNGUARDED_AVAILABILITY = YES_AGGRESSIVE;
				CLANG_WARN_UNREACHABLE_CODE = YES;
				CLANG_WARN__DUPLICATE_METHOD_MATCH = YES;
				COPY_PHASE_STRIP = NO;
				DEBUG_INFORMATION_FORMAT = dwarf;
				ENABLE_STRICT_OBJC_MSGSEND = YES;
				ENABLE_TESTABILITY = YES;
				ENABLE_USER_SCRIPT_SANDBOXING = YES;
				GCC_C_LANGUAGE_STANDARD = gnu17;
				GCC_DYNAMIC_NO_PIC = NO;
				GCC_NO_COMMON_BLOCKS = YES;
				GCC_OPTIMIZATION_LEVEL = 0;
				GCC_PREPROCESSOR_DEFINITIONS = (
					"DEBUG=1",
					"$(inherited)",
				);
				GCC_WARN_64_TO_32_BIT_CONVERSION = YES;
				GCC_WARN_ABOUT_RETURN_TYPE = YES_ERROR;
				GCC_WARN_UNDECLARED_SELECTOR = YES;
				GCC_WARN_UNINITIALIZED_AUTOS = YES_AGGRESSIVE;
				GCC_WARN_UNUSED_FUNCTION = YES;
				GCC_WARN_UNUSED_VARIABLE = YES;
				LOCALIZATION_PREFERS_STRING_CATALOGS = YES;
				MTL_ENABLE_DEBUG_INFO = INCLUDE_SOURCE;
				MTL_FAST_MATH = YES;
				ONLY_ACTIVE_ARCH = YES;
				SWIFT_ACTIVE_COMPILATION_CONDITIONS = "DEBUG $(inherited)";
				SWIFT_OPTIMIZATION_LEVEL = "-Onone";
			};
			name = Debug;
		};
		F2937AD42C5EBA5F00090192 /* Release */ = {
			isa = XCBuildConfiguration;
			buildSettings = {
				ALWAYS_SEARCH_USER_PATHS = NO;
				ASSETCATALOG_COMPILER_GENERATE_SWIFT_ASSET_SYMBOL_EXTENSIONS = YES;
				CLANG_ANALYZER_NONNULL = YES;
				CLANG_ANALYZER_NUMBER_OBJECT_CONVERSION = YES_AGGRESSIVE;
				CLANG_CXX_LANGUAGE_STANDARD = "gnu++20";
				CLANG_ENABLE_MODULES = YES;
				CLANG_ENABLE_OBJC_ARC = YES;
				CLANG_ENABLE_OBJC_WEAK = YES;
				CLANG_WARN_BLOCK_CAPTURE_AUTORELEASING = YES;
				CLANG_WARN_BOOL_CONVERSION = YES;
				CLANG_WARN_COMMA = YES;
				CLANG_WARN_CONSTANT_CONVERSION = YES;
				CLANG_WARN_DEPRECATED_OBJC_IMPLEMENTATIONS = YES;
				CLANG_WARN_DIRECT_OBJC_ISA_USAGE = YES_ERROR;
				CLANG_WARN_DOCUMENTATION_COMMENTS = YES;
				CLANG_WARN_EMPTY_BODY = YES;
				CLANG_WARN_ENUM_CONVERSION = YES;
				CLANG_WARN_INFINITE_RECURSION = YES;
				CLANG_WARN_INT_CONVERSION = YES;
				CLANG_WARN_NON_LITERAL_NULL_CONVERSION = YES;
				CLANG_WARN_OBJC_IMPLICIT_RETAIN_SELF = YES;
				CLANG_WARN_OBJC_LITERAL_CONVERSION = YES;
				CLANG_WARN_OBJC_ROOT_CLASS = YES_ERROR;
				CLANG_WARN_QUOTED_INCLUDE_IN_FRAMEWORK_HEADER = YES;
				CLANG_WARN_RANGE_LOOP_ANALYSIS = YES;
				CLANG_WARN_STRICT_PROTOTYPES = YES;
				CLANG_WARN_SUSPICIOUS_MOVE = YES;
				CLANG_WARN_UNGUARDED_AVAILABILITY = YES_AGGRESSIVE;
				CLANG_WARN_UNREACHABLE_CODE = YES;
				CLANG_WARN__DUPLICATE_METHOD_MATCH = YES;
				COPY_PHASE_STRIP = NO;
				DEBUG_INFORMATION_FORMAT = "dwarf-with-dsym";
				ENABLE_NS_ASSERTIONS = NO;
				ENABLE_STRICT_OBJC_MSGSEND = YES;
				ENABLE_USER_SCRIPT_SANDBOXING = YES;
				GCC_C_LANGUAGE_STANDARD = gnu17;
				GCC_NO_COMMON_BLOCKS = YES;
				GCC_WARN_64_TO_32_BIT_CONVERSION = YES;
				GCC_WARN_ABOUT_RETURN_TYPE = YES_ERROR;
				GCC_WARN_UNDECLARED_SELECTOR = YES;
				GCC_WARN_UNINITIALIZED_AUTOS = YES_AGGRESSIVE;
				GCC_WARN_UNUSED_FUNCTION = YES;
				GCC_WARN_UNUSED_VARIABLE = YES;
				LOCALIZATION_PREFERS_STRING_CATALOGS = YES;
				MTL_ENABLE_DEBUG_INFO = NO;
				MTL_FAST_MATH = YES;
				SWIFT_COMPILATION_MODE = wholemodule;
			};
			name = Release;
		};
		F2937AD62C5EBA5F00090192 /* Debug */ = {
			isa = XCBuildConfiguration;
			buildSettings = {
				ASSETCATALOG_COMPILER_APPICON_NAME = AppIcon;
				ASSETCATALOG_COMPILER_GLOBAL_ACCENT_COLOR_NAME = AccentColor;
				CODE_SIGN_ENTITLEMENTS = ThreadsClone/ThreadsClone.entitlements;
				CODE_SIGN_STYLE = Automatic;
				CURRENT_PROJECT_VERSION = 1;
				DEVELOPMENT_ASSET_PATHS = "\"ThreadsClone/Preview Content\"";
				DEVELOPMENT_TEAM = 24MYCA5532;
				ENABLE_HARDENED_RUNTIME = YES;
				ENABLE_PREVIEWS = YES;
				GENERATE_INFOPLIST_FILE = YES;
				"INFOPLIST_KEY_UIApplicationSceneManifest_Generation[sdk=iphoneos*]" = YES;
				"INFOPLIST_KEY_UIApplicationSceneManifest_Generation[sdk=iphonesimulator*]" = YES;
				"INFOPLIST_KEY_UIApplicationSupportsIndirectInputEvents[sdk=iphoneos*]" = YES;
				"INFOPLIST_KEY_UIApplicationSupportsIndirectInputEvents[sdk=iphonesimulator*]" = YES;
				"INFOPLIST_KEY_UILaunchScreen_Generation[sdk=iphoneos*]" = YES;
				"INFOPLIST_KEY_UILaunchScreen_Generation[sdk=iphonesimulator*]" = YES;
				"INFOPLIST_KEY_UIStatusBarStyle[sdk=iphoneos*]" = UIStatusBarStyleDefault;
				"INFOPLIST_KEY_UIStatusBarStyle[sdk=iphonesimulator*]" = UIStatusBarStyleDefault;
				INFOPLIST_KEY_UISupportedInterfaceOrientations_iPad = "UIInterfaceOrientationPortrait UIInterfaceOrientationPortraitUpsideDown UIInterfaceOrientationLandscapeLeft UIInterfaceOrientationLandscapeRight";
				INFOPLIST_KEY_UISupportedInterfaceOrientations_iPhone = "UIInterfaceOrientationPortrait UIInterfaceOrientationLandscapeLeft UIInterfaceOrientationLandscapeRight";
				IPHONEOS_DEPLOYMENT_TARGET = 17.2;
				LD_RUNPATH_SEARCH_PATHS = "@executable_path/Frameworks";
				"LD_RUNPATH_SEARCH_PATHS[sdk=macosx*]" = "@executable_path/../Frameworks";
				MACOSX_DEPLOYMENT_TARGET = 14.0;
				MARKETING_VERSION = 1.0;
				PRODUCT_BUNDLE_IDENTIFIER = br.com.ThreadsClone;
				PRODUCT_NAME = "$(TARGET_NAME)";
				SDKROOT = auto;
				SUPPORTED_PLATFORMS = "iphoneos iphonesimulator macosx";
				SWIFT_EMIT_LOC_STRINGS = YES;
				SWIFT_VERSION = 5.0;
				TARGETED_DEVICE_FAMILY = "1,2";
			};
			name = Debug;
		};
		F2937AD72C5EBA5F00090192 /* Release */ = {
			isa = XCBuildConfiguration;
			buildSettings = {
				ASSETCATALOG_COMPILER_APPICON_NAME = AppIcon;
				ASSETCATALOG_COMPILER_GLOBAL_ACCENT_COLOR_NAME = AccentColor;
				CODE_SIGN_ENTITLEMENTS = ThreadsClone/ThreadsClone.entitlements;
				CODE_SIGN_STYLE = Automatic;
				CURRENT_PROJECT_VERSION = 1;
				DEVELOPMENT_ASSET_PATHS = "\"ThreadsClone/Preview Content\"";
				DEVELOPMENT_TEAM = 24MYCA5532;
				ENABLE_HARDENED_RUNTIME = YES;
				ENABLE_PREVIEWS = YES;
				GENERATE_INFOPLIST_FILE = YES;
				"INFOPLIST_KEY_UIApplicationSceneManifest_Generation[sdk=iphoneos*]" = YES;
				"INFOPLIST_KEY_UIApplicationSceneManifest_Generation[sdk=iphonesimulator*]" = YES;
				"INFOPLIST_KEY_UIApplicationSupportsIndirectInputEvents[sdk=iphoneos*]" = YES;
				"INFOPLIST_KEY_UIApplicationSupportsIndirectInputEvents[sdk=iphonesimulator*]" = YES;
				"INFOPLIST_KEY_UILaunchScreen_Generation[sdk=iphoneos*]" = YES;
				"INFOPLIST_KEY_UILaunchScreen_Generation[sdk=iphonesimulator*]" = YES;
				"INFOPLIST_KEY_UIStatusBarStyle[sdk=iphoneos*]" = UIStatusBarStyleDefault;
				"INFOPLIST_KEY_UIStatusBarStyle[sdk=iphonesimulator*]" = UIStatusBarStyleDefault;
				INFOPLIST_KEY_UISupportedInterfaceOrientations_iPad = "UIInterfaceOrientationPortrait UIInterfaceOrientationPortraitUpsideDown UIInterfaceOrientationLandscapeLeft UIInterfaceOrientationLandscapeRight";
				INFOPLIST_KEY_UISupportedInterfaceOrientations_iPhone = "UIInterfaceOrientationPortrait UIInterfaceOrientationLandscapeLeft UIInterfaceOrientationLandscapeRight";
				IPHONEOS_DEPLOYMENT_TARGET = 17.2;
				LD_RUNPATH_SEARCH_PATHS = "@executable_path/Frameworks";
				"LD_RUNPATH_SEARCH_PATHS[sdk=macosx*]" = "@executable_path/../Frameworks";
				MACOSX_DEPLOYMENT_TARGET = 14.0;
				MARKETING_VERSION = 1.0;
				PRODUCT_BUNDLE_IDENTIFIER = br.com.ThreadsClone;
				PRODUCT_NAME = "$(TARGET_NAME)";
				SDKROOT = auto;
				SUPPORTED_PLATFORMS = "iphoneos iphonesimulator macosx";
				SWIFT_EMIT_LOC_STRINGS = YES;
				SWIFT_VERSION = 5.0;
				TARGETED_DEVICE_FAMILY = "1,2";
			};
			name = Release;
		};
		F2937AD92C5EBA5F00090192 /* Debug */ = {
			isa = XCBuildConfiguration;
			buildSettings = {
				ALWAYS_EMBED_SWIFT_STANDARD_LIBRARIES = YES;
				BUNDLE_LOADER = "$(TEST_HOST)";
				CODE_SIGN_STYLE = Automatic;
				CURRENT_PROJECT_VERSION = 1;
				DEVELOPMENT_TEAM = 24MYCA5532;
				GENERATE_INFOPLIST_FILE = YES;
				IPHONEOS_DEPLOYMENT_TARGET = 17.2;
				MACOSX_DEPLOYMENT_TARGET = 14.2;
				MARKETING_VERSION = 1.0;
				PRODUCT_BUNDLE_IDENTIFIER = br.com.ThreadsCloneTests;
				PRODUCT_NAME = "$(TARGET_NAME)";
				SDKROOT = auto;
				SUPPORTED_PLATFORMS = "iphoneos iphonesimulator macosx";
				SWIFT_EMIT_LOC_STRINGS = NO;
				SWIFT_VERSION = 5.0;
				TARGETED_DEVICE_FAMILY = "1,2";
				TEST_HOST = "$(BUILT_PRODUCTS_DIR)/ThreadsClone.app/$(BUNDLE_EXECUTABLE_FOLDER_PATH)/ThreadsClone";
			};
			name = Debug;
		};
		F2937ADA2C5EBA5F00090192 /* Release */ = {
			isa = XCBuildConfiguration;
			buildSettings = {
				ALWAYS_EMBED_SWIFT_STANDARD_LIBRARIES = YES;
				BUNDLE_LOADER = "$(TEST_HOST)";
				CODE_SIGN_STYLE = Automatic;
				CURRENT_PROJECT_VERSION = 1;
				DEVELOPMENT_TEAM = 24MYCA5532;
				GENERATE_INFOPLIST_FILE = YES;
				IPHONEOS_DEPLOYMENT_TARGET = 17.2;
				MACOSX_DEPLOYMENT_TARGET = 14.2;
				MARKETING_VERSION = 1.0;
				PRODUCT_BUNDLE_IDENTIFIER = br.com.ThreadsCloneTests;
				PRODUCT_NAME = "$(TARGET_NAME)";
				SDKROOT = auto;
				SUPPORTED_PLATFORMS = "iphoneos iphonesimulator macosx";
				SWIFT_EMIT_LOC_STRINGS = NO;
				SWIFT_VERSION = 5.0;
				TARGETED_DEVICE_FAMILY = "1,2";
				TEST_HOST = "$(BUILT_PRODUCTS_DIR)/ThreadsClone.app/$(BUNDLE_EXECUTABLE_FOLDER_PATH)/ThreadsClone";
			};
			name = Release;
		};
		F2937ADC2C5EBA5F00090192 /* Debug */ = {
			isa = XCBuildConfiguration;
			buildSettings = {
				ALWAYS_EMBED_SWIFT_STANDARD_LIBRARIES = YES;
				CODE_SIGN_STYLE = Automatic;
				CURRENT_PROJECT_VERSION = 1;
				DEVELOPMENT_TEAM = 24MYCA5532;
				GENERATE_INFOPLIST_FILE = YES;
				IPHONEOS_DEPLOYMENT_TARGET = 17.2;
				MACOSX_DEPLOYMENT_TARGET = 14.2;
				MARKETING_VERSION = 1.0;
				PRODUCT_BUNDLE_IDENTIFIER = br.com.ThreadsCloneUITests;
				PRODUCT_NAME = "$(TARGET_NAME)";
				SDKROOT = auto;
				SUPPORTED_PLATFORMS = "iphoneos iphonesimulator macosx";
				SWIFT_EMIT_LOC_STRINGS = NO;
				SWIFT_VERSION = 5.0;
				TARGETED_DEVICE_FAMILY = "1,2";
				TEST_TARGET_NAME = ThreadsClone;
			};
			name = Debug;
		};
		F2937ADD2C5EBA5F00090192 /* Release */ = {
			isa = XCBuildConfiguration;
			buildSettings = {
				ALWAYS_EMBED_SWIFT_STANDARD_LIBRARIES = YES;
				CODE_SIGN_STYLE = Automatic;
				CURRENT_PROJECT_VERSION = 1;
				DEVELOPMENT_TEAM = 24MYCA5532;
				GENERATE_INFOPLIST_FILE = YES;
				IPHONEOS_DEPLOYMENT_TARGET = 17.2;
				MACOSX_DEPLOYMENT_TARGET = 14.2;
				MARKETING_VERSION = 1.0;
				PRODUCT_BUNDLE_IDENTIFIER = br.com.ThreadsCloneUITests;
				PRODUCT_NAME = "$(TARGET_NAME)";
				SDKROOT = auto;
				SUPPORTED_PLATFORMS = "iphoneos iphonesimulator macosx";
				SWIFT_EMIT_LOC_STRINGS = NO;
				SWIFT_VERSION = 5.0;
				TARGETED_DEVICE_FAMILY = "1,2";
				TEST_TARGET_NAME = ThreadsClone;
			};
			name = Release;
		};
/* End XCBuildConfiguration section */

/* Begin XCConfigurationList section */
		F2937AA92C5EBA5D00090192 /* Build configuration list for PBXProject "ThreadsClone" */ = {
			isa = XCConfigurationList;
			buildConfigurations = (
				F2937AD32C5EBA5F00090192 /* Debug */,
				F2937AD42C5EBA5F00090192 /* Release */,
			);
			defaultConfigurationIsVisible = 0;
			defaultConfigurationName = Release;
		};
		F2937AD52C5EBA5F00090192 /* Build configuration list for PBXNativeTarget "ThreadsClone" */ = {
			isa = XCConfigurationList;
			buildConfigurations = (
				F2937AD62C5EBA5F00090192 /* Debug */,
				F2937AD72C5EBA5F00090192 /* Release */,
			);
			defaultConfigurationIsVisible = 0;
			defaultConfigurationName = Release;
		};
		F2937AD82C5EBA5F00090192 /* Build configuration list for PBXNativeTarget "ThreadsCloneTests" */ = {
			isa = XCConfigurationList;
			buildConfigurations = (
				F2937AD92C5EBA5F00090192 /* Debug */,
				F2937ADA2C5EBA5F00090192 /* Release */,
			);
			defaultConfigurationIsVisible = 0;
			defaultConfigurationName = Release;
		};
		F2937ADB2C5EBA5F00090192 /* Build configuration list for PBXNativeTarget "ThreadsCloneUITests" */ = {
			isa = XCConfigurationList;
			buildConfigurations = (
				F2937ADC2C5EBA5F00090192 /* Debug */,
				F2937ADD2C5EBA5F00090192 /* Release */,
			);
			defaultConfigurationIsVisible = 0;
			defaultConfigurationName = Release;
		};
/* End XCConfigurationList section */

/* Begin XCRemoteSwiftPackageReference section */
		F2937B0B2C5ED10800090192 /* XCRemoteSwiftPackageReference "firebase-ios-sdk" */ = {
			isa = XCRemoteSwiftPackageReference;
			repositoryURL = "https://github.com/firebase/firebase-ios-sdk";
			requirement = {
				kind = upToNextMajorVersion;
				minimumVersion = 11.0.0;
			};
		};
/* End XCRemoteSwiftPackageReference section */

/* Begin XCSwiftPackageProductDependency section */
		F2937B0C2C5ED10800090192 /* FirebaseAuth */ = {
			isa = XCSwiftPackageProductDependency;
			package = F2937B0B2C5ED10800090192 /* XCRemoteSwiftPackageReference "firebase-ios-sdk" */;
			productName = FirebaseAuth;
		};
		F2937B0E2C5ED10800090192 /* FirebaseAuthCombine-Community */ = {
			isa = XCSwiftPackageProductDependency;
			package = F2937B0B2C5ED10800090192 /* XCRemoteSwiftPackageReference "firebase-ios-sdk" */;
			productName = "FirebaseAuthCombine-Community";
		};
		F2937B102C5ED10800090192 /* FirebaseFirestore */ = {
			isa = XCSwiftPackageProductDependency;
			package = F2937B0B2C5ED10800090192 /* XCRemoteSwiftPackageReference "firebase-ios-sdk" */;
			productName = FirebaseFirestore;
		};
		F2937B122C5ED10800090192 /* FirebaseStorage */ = {
			isa = XCSwiftPackageProductDependency;
			package = F2937B0B2C5ED10800090192 /* XCRemoteSwiftPackageReference "firebase-ios-sdk" */;
			productName = FirebaseStorage;
		};
/* End XCSwiftPackageProductDependency section */
	};
	rootObject = F2937AA62C5EBA5D00090192 /* Project object */;
}
